
Microsoft Visual Studio Solution File, Format Version 12.00
# Visual Studio Version 16
VisualStudioVersion = 16.0.30002.166
MinimumVisualStudioVersion = 10.0.40219.1
Project("{2150E333-8FDC-42A3-9474-1A3956D46DE8}") = "Microservices", "Microservices", "{8B8CB400-4506-40C7-ABCC-D4937670CE0D}"
EndProject
Project("{2150E333-8FDC-42A3-9474-1A3956D46DE8}") = "Domain", "Domain", "{C22B9738-109B-4E34-8536-5A978DE3B497}"
EndProject
Project("{2150E333-8FDC-42A3-9474-1A3956D46DE8}") = "Infra.Bus", "Infra.Bus", "{1284B7D7-48C3-430C-9A7A-CF2C153BDBDC}"
EndProject
Project("{2150E333-8FDC-42A3-9474-1A3956D46DE8}") = "Infra.IoC", "Infra.IoC", "{659A24BD-77AF-4A18-BBC9-A8906269DB88}"
EndProject
Project("{2150E333-8FDC-42A3-9474-1A3956D46DE8}") = "Presentation", "Presentation", "{EA04D449-CAAF-4671-9042-2553F18A6980}"
EndProject
Project("{FAE04EC0-301F-11D3-BF4B-00C04F79EFBC}") = "MicroRabbit.Domain.Core", "MicroRabbit.Domain.Core\MicroRabbit.Domain.Core.csproj", "{71BED31C-1473-4097-A64A-A74AB446E3EF}"
EndProject
Global
	GlobalSection(SolutionConfigurationPlatforms) = preSolution
		Debug|Any CPU = Debug|Any CPU
		Release|Any CPU = Release|Any CPU
	EndGlobalSection
	GlobalSection(ProjectConfigurationPlatforms) = postSolution
		{71BED31C-1473-4097-A64A-A74AB446E3EF}.Debug|Any CPU.ActiveCfg = Debug|Any CPU
		{71BED31C-1473-4097-A64A-A74AB446E3EF}.Debug|Any CPU.Build.0 = Debug|Any CPU
		{71BED31C-1473-4097-A64A-A74AB446E3EF}.Release|Any CPU.ActiveCfg = Release|Any CPU
		{71BED31C-1473-4097-A64A-A74AB446E3EF}.Release|Any CPU.Build.0 = Release|Any CPU
	EndGlobalSection
	GlobalSection(SolutionProperties) = preSolution
		HideSolutionNode = FALSE
	EndGlobalSection
	GlobalSection(NestedProjects) = preSolution
		{71BED31C-1473-4097-A64A-A74AB446E3EF} = {C22B9738-109B-4E34-8536-5A978DE3B497}
	EndGlobalSection
	GlobalSection(ExtensibilityGlobals) = postSolution
		SolutionGuid = {3517735B-83F7-4958-B382-58A75F7E616E}
	EndGlobalSection
EndGlobal
